
Microsoft Visual Studio Solution File, Format Version 12.00
# Visual Studio 15
VisualStudioVersion = 15.0.27130.2036
MinimumVisualStudioVersion = 10.0.40219.1
Project("{FAE04EC0-301F-11D3-BF4B-00C04F79EFBC}") = "CityInfo.API", "CityInfo.API\CityInfo.API.csproj", "{C1EB4A16-9BD0-40E5-AEA0-CD1CADE351A6}"
EndProject
Global
	GlobalSection(SolutionConfigurationPlatforms) = preSolution
		Debug|Any CPU = Debug|Any CPU
		Release|Any CPU = Release|Any CPU
	EndGlobalSection
	GlobalSection(ProjectConfigurationPlatforms) = postSolution
		{C1EB4A16-9BD0-40E5-AEA0-CD1CADE351A6}.Debug|Any CPU.ActiveCfg = Debug|Any CPU
		{C1EB4A16-9BD0-40E5-AEA0-CD1CADE351A6}.Debug|Any CPU.Build.0 = Debug|Any CPU
		{C1EB4A16-9BD0-40E5-AEA0-CD1CADE351A6}.Release|Any CPU.ActiveCfg = Release|Any CPU
		{C1EB4A16-9BD0-40E5-AEA0-CD1CADE351A6}.Release|Any CPU.Build.0 = Release|Any CPU
	EndGlobalSection
	GlobalSection(SolutionProperties) = preSolution
		HideSolutionNode = FALSE
	EndGlobalSection
	GlobalSection(ExtensibilityGlobals) = postSolution
		SolutionGuid = {3FA9403C-9182-4B9E-A66F-2D85E9F350EC}
	EndGlobalSection
EndGlobal
